
Microsoft Visual Studio Solution File, Format Version 12.00
# Visual Studio Version 17
VisualStudioVersion = 17.13.35806.99 d17.13
MinimumVisualStudioVersion = 10.0.40219.1
Project("{FAE04EC0-301F-11D3-BF4B-00C04F79EFBC}") = "TPmod03_KPL", "TPmod03_KPL.csproj", "{79DEF110-2F92-4E37-8DE7-488B902C34CF}"
EndProject
Global
	GlobalSection(SolutionConfigurationPlatforms) = preSolution
		Debug|Any CPU = Debug|Any CPU
		Release|Any CPU = Release|Any CPU
	EndGlobalSection
	GlobalSection(ProjectConfigurationPlatforms) = postSolution
		{79DEF110-2F92-4E37-8DE7-488B902C34CF}.Debug|Any CPU.ActiveCfg = Debug|Any CPU
		{79DEF110-2F92-4E37-8DE7-488B902C34CF}.Debug|Any CPU.Build.0 = Debug|Any CPU
		{79DEF110-2F92-4E37-8DE7-488B902C34CF}.Release|Any CPU.ActiveCfg = Release|Any CPU
		{79DEF110-2F92-4E37-8DE7-488B902C34CF}.Release|Any CPU.Build.0 = Release|Any CPU
	EndGlobalSection
	GlobalSection(SolutionProperties) = preSolution
		HideSolutionNode = FALSE
	EndGlobalSection
	GlobalSection(ExtensibilityGlobals) = postSolution
		SolutionGuid = {D6B40BEB-7B38-492B-B799-5D6ED0FE6987}
	EndGlobalSection
EndGlobal
